
Microsoft Visual Studio Solution File, Format Version 12.00
# Visual Studio Version 17
VisualStudioVersion = 17.10.35122.118
MinimumVisualStudioVersion = 10.0.40219.1
Project("{9A19103F-16F7-4668-BE54-9A1E7A4F7556}") = "NTier.BLL", "NTier.BLL\NTier.BLL.csproj", "{BD5DB230-F3C1-48C5-9326-46F365B59A37}"
EndProject
Project("{9A19103F-16F7-4668-BE54-9A1E7A4F7556}") = "NTier.DAL", "NTier.DAL\NTier.DAL.csproj", "{552D29BE-B2DC-4987-AA07-2BBD33E0D7A5}"
EndProject
Project("{FAE04EC0-301F-11D3-BF4B-00C04F79EFBC}") = "Ntier.UI_", "Ntier.UI_\Ntier.UI_.csproj", "{625BEFEC-D92B-4DFC-83EB-B6F8EAF84031}"
EndProject
Global
	GlobalSection(SolutionConfigurationPlatforms) = preSolution
		Debug|Any CPU = Debug|Any CPU
		Release|Any CPU = Release|Any CPU
	EndGlobalSection
	GlobalSection(ProjectConfigurationPlatforms) = postSolution
		{BD5DB230-F3C1-48C5-9326-46F365B59A37}.Debug|Any CPU.ActiveCfg = Debug|Any CPU
		{BD5DB230-F3C1-48C5-9326-46F365B59A37}.Debug|Any CPU.Build.0 = Debug|Any CPU
		{BD5DB230-F3C1-48C5-9326-46F365B59A37}.Release|Any CPU.ActiveCfg = Release|Any CPU
		{BD5DB230-F3C1-48C5-9326-46F365B59A37}.Release|Any CPU.Build.0 = Release|Any CPU
		{552D29BE-B2DC-4987-AA07-2BBD33E0D7A5}.Debug|Any CPU.ActiveCfg = Debug|Any CPU
		{552D29BE-B2DC-4987-AA07-2BBD33E0D7A5}.Debug|Any CPU.Build.0 = Debug|Any CPU
		{552D29BE-B2DC-4987-AA07-2BBD33E0D7A5}.Release|Any CPU.ActiveCfg = Release|Any CPU
		{552D29BE-B2DC-4987-AA07-2BBD33E0D7A5}.Release|Any CPU.Build.0 = Release|Any CPU
		{625BEFEC-D92B-4DFC-83EB-B6F8EAF84031}.Debug|Any CPU.ActiveCfg = Debug|Any CPU
		{625BEFEC-D92B-4DFC-83EB-B6F8EAF84031}.Debug|Any CPU.Build.0 = Debug|Any CPU
		{625BEFEC-D92B-4DFC-83EB-B6F8EAF84031}.Release|Any CPU.ActiveCfg = Release|Any CPU
		{625BEFEC-D92B-4DFC-83EB-B6F8EAF84031}.Release|Any CPU.Build.0 = Release|Any CPU
	EndGlobalSection
	GlobalSection(SolutionProperties) = preSolution
		HideSolutionNode = FALSE
	EndGlobalSection
	GlobalSection(ExtensibilityGlobals) = postSolution
		SolutionGuid = {F8900EF8-2FE7-4225-B7FA-3AF935E2D67E}
	EndGlobalSection
EndGlobal
